// !$*UTF8*$!
{
	archiveVersion = 1;
	classes = {
	};
	objectVersion = 55;
	objects = {

/* Begin PBXBuildFile section */
		1780CE2F280B94F900915BE2 /* Tests_iOS.swift in Sources */ = {isa = PBXBuildFile; fileRef = 1780CE2E280B94F900915BE2 /* Tests_iOS.swift */; };
		1780CE31280B94F900915BE2 /* Tests_iOSLaunchTests.swift in Sources */ = {isa = PBXBuildFile; fileRef = 1780CE30280B94F900915BE2 /* Tests_iOSLaunchTests.swift */; };
		1780CE3B280B94F900915BE2 /* Tests_macOS.swift in Sources */ = {isa = PBXBuildFile; fileRef = 1780CE3A280B94F900915BE2 /* Tests_macOS.swift */; };
		1780CE3D280B94F900915BE2 /* Tests_macOSLaunchTests.swift in Sources */ = {isa = PBXBuildFile; fileRef = 1780CE3C280B94F900915BE2 /* Tests_macOSLaunchTests.swift */; };
		1780CE3E280B94F900915BE2 /* WeSplitApp.swift in Sources */ = {isa = PBXBuildFile; fileRef = 1780CE16280B94F700915BE2 /* WeSplitApp.swift */; };
		1780CE3F280B94F900915BE2 /* WeSplitApp.swift in Sources */ = {isa = PBXBuildFile; fileRef = 1780CE16280B94F700915BE2 /* WeSplitApp.swift */; };
		1780CE40280B94F900915BE2 /* ContentView.swift in Sources */ = {isa = PBXBuildFile; fileRef = 1780CE17280B94F700915BE2 /* ContentView.swift */; };
		1780CE41280B94F900915BE2 /* ContentView.swift in Sources */ = {isa = PBXBuildFile; fileRef = 1780CE17280B94F700915BE2 /* ContentView.swift */; };
		1780CE42280B94F900915BE2 /* Assets.xcassets in Resources */ = {isa = PBXBuildFile; fileRef = 1780CE18280B94F900915BE2 /* Assets.xcassets */; };
		1780CE43280B94F900915BE2 /* Assets.xcassets in Resources */ = {isa = PBXBuildFile; fileRef = 1780CE18280B94F900915BE2 /* Assets.xcassets */; };
/* End PBXBuildFile section */

/* Begin PBXContainerItemProxy section */
		1780CE2B280B94F900915BE2 /* PBXContainerItemProxy */ = {
			isa = PBXContainerItemProxy;
			containerPortal = 1780CE11280B94F700915BE2 /* Project object */;
			proxyType = 1;
			remoteGlobalIDString = 1780CE1C280B94F900915BE2;
			remoteInfo = "WeSplit (iOS)";
		};
		1780CE37280B94F900915BE2 /* PBXContainerItemProxy */ = {
			isa = PBXContainerItemProxy;
			containerPortal = 1780CE11280B94F700915BE2 /* Project object */;
			proxyType = 1;
			remoteGlobalIDString = 1780CE22280B94F900915BE2;
			remoteInfo = "WeSplit (macOS)";
		};
/* End PBXContainerItemProxy section */

/* Begin PBXFileReference section */
		1780CE16280B94F700915BE2 /* WeSplitApp.swift */ = {isa = PBXFileReference; lastKnownFileType = sourcecode.swift; path = WeSplitApp.swift; sourceTree = "<group>"; };
		1780CE17280B94F700915BE2 /* ContentView.swift */ = {isa = PBXFileReference; lastKnownFileType = sourcecode.swift; path = ContentView.swift; sourceTree = "<group>"; };
		1780CE18280B94F900915BE2 /* Assets.xcassets */ = {isa = PBXFileReference; lastKnownFileType = folder.assetcatalog; path = Assets.xcassets; sourceTree = "<group>"; };
		1780CE1D280B94F900915BE2 /* WeSplit.app */ = {isa = PBXFileReference; explicitFileType = wrapper.application; includeInIndex = 0; path = WeSplit.app; sourceTree = BUILT_PRODUCTS_DIR; };
		1780CE23280B94F900915BE2 /* WeSplit.app */ = {isa = PBXFileReference; explicitFileType = wrapper.application; includeInIndex = 0; path = WeSplit.app; sourceTree = BUILT_PRODUCTS_DIR; };
		1780CE25280B94F900915BE2 /* macOS.entitlements */ = {isa = PBXFileReference; lastKnownFileType = text.plist.entitlements; path = macOS.entitlements; sourceTree = "<group>"; };
		1780CE2A280B94F900915BE2 /* Tests iOS.xctest */ = {isa = PBXFileReference; explicitFileType = wrapper.cfbundle; includeInIndex = 0; path = "Tests iOS.xctest"; sourceTree = BUILT_PRODUCTS_DIR; };
		1780CE2E280B94F900915BE2 /* Tests_iOS.swift */ = {isa = PBXFileReference; lastKnownFileType = sourcecode.swift; path = Tests_iOS.swift; sourceTree = "<group>"; };
		1780CE30280B94F900915BE2 /* Tests_iOSLaunchTests.swift */ = {isa = PBXFileReference; lastKnownFileType = sourcecode.swift; path = Tests_iOSLaunchTests.swift; sourceTree = "<group>"; };
		1780CE36280B94F900915BE2 /* Tests macOS.xctest */ = {isa = PBXFileReference; explicitFileType = wrapper.cfbundle; includeInIndex = 0; path = "Tests macOS.xctest"; sourceTree = BUILT_PRODUCTS_DIR; };
		1780CE3A280B94F900915BE2 /* Tests_macOS.swift */ = {isa = PBXFileReference; lastKnownFileType = sourcecode.swift; path = Tests_macOS.swift; sourceTree = "<group>"; };
		1780CE3C280B94F900915BE2 /* Tests_macOSLaunchTests.swift */ = {isa = PBXFileReference; lastKnownFileType = sourcecode.swift; path = Tests_macOSLaunchTests.swift; sourceTree = "<group>"; };
/* End PBXFileReference section */

/* Begin PBXFrameworksBuildPhase section */
		1780CE1A280B94F900915BE2 /* Frameworks */ = {
			isa = PBXFrameworksBuildPhase;
			buildActionMask = 2147483647;
			files = (
			);
			runOnlyForDeploymentPostprocessing = 0;
		};
		1780CE20280B94F900915BE2 /* Frameworks */ = {
			isa = PBXFrameworksBuildPhase;
			buildActionMask = 2147483647;
			files = (
			);
			runOnlyForDeploymentPostprocessing = 0;
		};
		1780CE27280B94F900915BE2 /* Frameworks */ = {
			isa = PBXFrameworksBuildPhase;
			buildActionMask = 2147483647;
			files = (
			);
			runOnlyForDeploymentPostprocessing = 0;
		};
		1780CE33280B94F900915BE2 /* Frameworks */ = {
			isa = PBXFrameworksBuildPhase;
			buildActionMask = 2147483647;
			files = (
			);
			runOnlyForDeploymentPostprocessing = 0;
		};
/* End PBXFrameworksBuildPhase section */

/* Begin PBXGroup section */
		1780CE10280B94F700915BE2 = {
			isa = PBXGroup;
			children = (
				1780CE15280B94F700915BE2 /* Shared */,
				1780CE24280B94F900915BE2 /* macOS */,
				1780CE2D280B94F900915BE2 /* Tests iOS */,
				1780CE39280B94F900915BE2 /* Tests macOS */,
				1780CE1E280B94F900915BE2 /* Products */,
			);
			sourceTree = "<group>";
		};
		1780CE15280B94F700915BE2 /* Shared */ = {
			isa = PBXGroup;
			children = (
				1780CE16280B94F700915BE2 /* WeSplitApp.swift */,
				1780CE17280B94F700915BE2 /* ContentView.swift */,
				1780CE18280B94F900915BE2 /* Assets.xcassets */,
			);
			path = Shared;
			sourceTree = "<group>";
		};
		1780CE1E280B94F900915BE2 /* Products */ = {
			isa = PBXGroup;
			children = (
				1780CE1D280B94F900915BE2 /* WeSplit.app */,
				1780CE23280B94F900915BE2 /* WeSplit.app */,
				1780CE2A280B94F900915BE2 /* Tests iOS.xctest */,
				1780CE36280B94F900915BE2 /* Tests macOS.xctest */,
			);
			name = Products;
			sourceTree = "<group>";
		};
		1780CE24280B94F900915BE2 /* macOS */ = {
			isa = PBXGroup;
			children = (
				1780CE25280B94F900915BE2 /* macOS.entitlements */,
			);
			path = macOS;
			sourceTree = "<group>";
		};
		1780CE2D280B94F900915BE2 /* Tests iOS */ = {
			isa = PBXGroup;
			children = (
				1780CE2E280B94F900915BE2 /* Tests_iOS.swift */,
				1780CE30280B94F900915BE2 /* Tests_iOSLaunchTests.swift */,
			);
			path = "Tests iOS";
			sourceTree = "<group>";
		};
		1780CE39280B94F900915BE2 /* Tests macOS */ = {
			isa = PBXGroup;
			children = (
				1780CE3A280B94F900915BE2 /* Tests_macOS.swift */,
				1780CE3C280B94F900915BE2 /* Tests_macOSLaunchTests.swift */,
			);
			path = "Tests macOS";
			sourceTree = "<group>";
		};
/* End PBXGroup section */

/* Begin PBXNativeTarget section */
		1780CE1C280B94F900915BE2 /* WeSplit (iOS) */ = {
			isa = PBXNativeTarget;
			buildConfigurationList = 1780CE46280B94F900915BE2 /* Build configuration list for PBXNativeTarget "WeSplit (iOS)" */;
			buildPhases = (
				1780CE19280B94F900915BE2 /* Sources */,
				1780CE1A280B94F900915BE2 /* Frameworks */,
				1780CE1B280B94F900915BE2 /* Resources */,
			);
			buildRules = (
			);
			dependencies = (
			);
			name = "WeSplit (iOS)";
			productName = "WeSplit (iOS)";
			productReference = 1780CE1D280B94F900915BE2 /* WeSplit.app */;
			productType = "com.apple.product-type.application";
		};
		1780CE22280B94F900915BE2 /* WeSplit (macOS) */ = {
			isa = PBXNativeTarget;
			buildConfigurationList = 1780CE49280B94F900915BE2 /* Build configuration list for PBXNativeTarget "WeSplit (macOS)" */;
			buildPhases = (
				1780CE1F280B94F900915BE2 /* Sources */,
				1780CE20280B94F900915BE2 /* Frameworks */,
				1780CE21280B94F900915BE2 /* Resources */,
			);
			buildRules = (
			);
			dependencies = (
			);
			name = "WeSplit (macOS)";
			productName = "WeSplit (macOS)";
			productReference = 1780CE23280B94F900915BE2 /* WeSplit.app */;
			productType = "com.apple.product-type.application";
		};
		1780CE29280B94F900915BE2 /* Tests iOS */ = {
			isa = PBXNativeTarget;
			buildConfigurationList = 1780CE4C280B94F900915BE2 /* Build configuration list for PBXNativeTarget "Tests iOS" */;
			buildPhases = (
				1780CE26280B94F900915BE2 /* Sources */,
				1780CE27280B94F900915BE2 /* Frameworks */,
				1780CE28280B94F900915BE2 /* Resources */,
			);
			buildRules = (
			);
			dependencies = (
				1780CE2C280B94F900915BE2 /* PBXTargetDependency */,
			);
			name = "Tests iOS";
			productName = "Tests iOS";
			productReference = 1780CE2A280B94F900915BE2 /* Tests iOS.xctest */;
			productType = "com.apple.product-type.bundle.ui-testing";
		};
		1780CE35280B94F900915BE2 /* Tests macOS */ = {
			isa = PBXNativeTarget;
			buildConfigurationList = 1780CE4F280B94F900915BE2 /* Build configuration list for PBXNativeTarget "Tests macOS" */;
			buildPhases = (
				1780CE32280B94F900915BE2 /* Sources */,
				1780CE33280B94F900915BE2 /* Frameworks */,
				1780CE34280B94F900915BE2 /* Resources */,
			);
			buildRules = (
			);
			dependencies = (
				1780CE38280B94F900915BE2 /* PBXTargetDependency */,
			);
			name = "Tests macOS";
			productName = "Tests macOS";
			productReference = 1780CE36280B94F900915BE2 /* Tests macOS.xctest */;
			productType = "com.apple.product-type.bundle.ui-testing";
		};
/* End PBXNativeTarget section */

/* Begin PBXProject section */
		1780CE11280B94F700915BE2 /* Project object */ = {
			isa = PBXProject;
			attributes = {
				BuildIndependentTargetsInParallel = 1;
				LastSwiftUpdateCheck = 1320;
				LastUpgradeCheck = 1340;
				TargetAttributes = {
					1780CE1C280B94F900915BE2 = {
						CreatedOnToolsVersion = 13.2.1;
					};
					1780CE22280B94F900915BE2 = {
						CreatedOnToolsVersion = 13.2.1;
					};
					1780CE29280B94F900915BE2 = {
						CreatedOnToolsVersion = 13.2.1;
						TestTargetID = 1780CE1C280B94F900915BE2;
					};
					1780CE35280B94F900915BE2 = {
						CreatedOnToolsVersion = 13.2.1;
						TestTargetID = 1780CE22280B94F900915BE2;
					};
				};
			};
			buildConfigurationList = 1780CE14280B94F700915BE2 /* Build configuration list for PBXProject "WeSplit" */;
			compatibilityVersion = "Xcode 13.0";
			developmentRegion = en;
			hasScannedForEncodings = 0;
			knownRegions = (
				en,
				Base,
			);
			mainGroup = 1780CE10280B94F700915BE2;
			productRefGroup = 1780CE1E280B94F900915BE2 /* Products */;
			projectDirPath = "";
			projectRoot = "";
			targets = (
				1780CE1C280B94F900915BE2 /* WeSplit (iOS) */,
				1780CE22280B94F900915BE2 /* WeSplit (macOS) */,
				1780CE29280B94F900915BE2 /* Tests iOS */,
				1780CE35280B94F900915BE2 /* Tests macOS */,
			);
		};
/* End PBXProject section */

/* Begin PBXResourcesBuildPhase section */
		1780CE1B280B94F900915BE2 /* Resources */ = {
			isa = PBXResourcesBuildPhase;
			buildActionMask = 2147483647;
			files = (
				1780CE42280B94F900915BE2 /* Assets.xcassets in Resources */,
			);
			runOnlyForDeploymentPostprocessing = 0;
		};
		1780CE21280B94F900915BE2 /* Resources */ = {
			isa = PBXResourcesBuildPhase;
			buildActionMask = 2147483647;
			files = (
				1780CE43280B94F900915BE2 /* Assets.xcassets in Resources */,
			);
			runOnlyForDeploymentPostprocessing = 0;
		};
		1780CE28280B94F900915BE2 /* Resources */ = {
			isa = PBXResourcesBuildPhase;
			buildActionMask = 2147483647;
			files = (
			);
			runOnlyForDeploymentPostprocessing = 0;
		};
		1780CE34280B94F900915BE2 /* Resources */ = {
			isa = PBXResourcesBuildPhase;
			buildActionMask = 2147483647;
			files = (
			);
			runOnlyForDeploymentPostprocessing = 0;
		};
/* End PBXResourcesBuildPhase section */

/* Begin PBXSourcesBuildPhase section */
		1780CE19280B94F900915BE2 /* Sources */ = {
			isa = PBXSourcesBuildPhase;
			buildActionMask = 2147483647;
			files = (
				1780CE40280B94F900915BE2 /* ContentView.swift in Sources */,
				1780CE3E280B94F900915BE2 /* WeSplitApp.swift in Sources */,
			);
			runOnlyForDeploymentPostprocessing = 0;
		};
		1780CE1F280B94F900915BE2 /* Sources */ = {
			isa = PBXSourcesBuildPhase;
			buildActionMask = 2147483647;
			files = (
				1780CE41280B94F900915BE2 /* ContentView.swift in Sources */,
				1780CE3F280B94F900915BE2 /* WeSplitApp.swift in Sources */,
			);
			runOnlyForDeploymentPostprocessing = 0;
		};
		1780CE26280B94F900915BE2 /* Sources */ = {
			isa = PBXSourcesBuildPhase;
			buildActionMask = 2147483647;
			files = (
				1780CE31280B94F900915BE2 /* Tests_iOSLaunchTests.swift in Sources */,
				1780CE2F280B94F900915BE2 /* Tests_iOS.swift in Sources */,
			);
			runOnlyForDeploymentPostprocessing = 0;
		};
		1780CE32280B94F900915BE2 /* Sources */ = {
			isa = PBXSourcesBuildPhase;
			buildActionMask = 2147483647;
			files = (
				1780CE3D280B94F900915BE2 /* Tests_macOSLaunchTests.swift in Sources */,
				1780CE3B280B94F900915BE2 /* Tests_macOS.swift in Sources */,
			);
			runOnlyForDeploymentPostprocessing = 0;
		};
/* End PBXSourcesBuildPhase section */

/* Begin PBXTargetDependency section */
		1780CE2C280B94F900915BE2 /* PBXTargetDependency */ = {
			isa = PBXTargetDependency;
			target = 1780CE1C280B94F900915BE2 /* WeSplit (iOS) */;
			targetProxy = 1780CE2B280B94F900915BE2 /* PBXContainerItemProxy */;
		};
		1780CE38280B94F900915BE2 /* PBXTargetDependency */ = {
			isa = PBXTargetDependency;
			target = 1780CE22280B94F900915BE2 /* WeSplit (macOS) */;
			targetProxy = 1780CE37280B94F900915BE2 /* PBXContainerItemProxy */;
		};
/* End PBXTargetDependency section */

/* Begin XCBuildConfiguration section */
		1780CE44280B94F900915BE2 /* Debug */ = {
			isa = XCBuildConfiguration;
			buildSettings = {
				ALWAYS_SEARCH_USER_PATHS = NO;
				CLANG_ANALYZER_NONNULL = YES;
				CLANG_ANALYZER_NUMBER_OBJECT_CONVERSION = YES_AGGRESSIVE;
				CLANG_CXX_LANGUAGE_STANDARD = "gnu++17";
				CLANG_CXX_LIBRARY = "libc++";
				CLANG_ENABLE_MODULES = YES;
				CLANG_ENABLE_OBJC_ARC = YES;
				CLANG_ENABLE_OBJC_WEAK = YES;
				CLANG_WARN_BLOCK_CAPTURE_AUTORELEASING = YES;
				CLANG_WARN_BOOL_CONVERSION = YES;
				CLANG_WARN_COMMA = YES;
				CLANG_WARN_CONSTANT_CONVERSION = YES;
				CLANG_WARN_DEPRECATED_OBJC_IMPLEMENTATIONS = YES;
				CLANG_WARN_DIRECT_OBJC_ISA_USAGE = YES_ERROR;
				CLANG_WARN_DOCUMENTATION_COMMENTS = YES;
				CLANG_WARN_EMPTY_BODY = YES;
				CLANG_WARN_ENUM_CONVERSION = YES;
				CLANG_WARN_INFINITE_RECURSION = YES;
				CLANG_WARN_INT_CONVERSION = YES;
				CLANG_WARN_NON_LITERAL_NULL_CONVERSION = YES;
				CLANG_WARN_OBJC_IMPLICIT_RETAIN_SELF = YES;
				CLANG_WARN_OBJC_LITERAL_CONVERSION = YES;
				CLANG_WARN_OBJC_ROOT_CLASS = YES_ERROR;
				CLANG_WARN_QUOTED_INCLUDE_IN_FRAMEWORK_HEADER = YES;
				CLANG_WARN_RANGE_LOOP_ANALYSIS = YES;
				CLANG_WARN_STRICT_PROTOTYPES = YES;
				CLANG_WARN_SUSPICIOUS_MOVE = YES;
				CLANG_WARN_UNGUARDED_AVAILABILITY = YES_AGGRESSIVE;
				CLANG_WARN_UNREACHABLE_CODE = YES;
				CLANG_WARN__DUPLICATE_METHOD_MATCH = YES;
				COPY_PHASE_STRIP = NO;
				DEBUG_INFORMATION_FORMAT = dwarf;
				ENABLE_STRICT_OBJC_MSGSEND = YES;
				ENABLE_TESTABILITY = YES;
				GCC_C_LANGUAGE_STANDARD = gnu11;
				GCC_DYNAMIC_NO_PIC = NO;
				GCC_NO_COMMON_BLOCKS = YES;
				GCC_OPTIMIZATION_LEVEL = 0;
				GCC_PREPROCESSOR_DEFINITIONS = (
					"DEBUG=1",
					"$(inherited)",
				);
				GCC_WARN_64_TO_32_BIT_CONVERSION = YES;
				GCC_WARN_ABOUT_RETURN_TYPE = YES_ERROR;
				GCC_WARN_UNDECLARED_SELECTOR = YES;
				GCC_WARN_UNINITIALIZED_AUTOS = YES_AGGRESSIVE;
				GCC_WARN_UNUSED_FUNCTION = YES;
				GCC_WARN_UNUSED_VARIABLE = YES;
				MTL_ENABLE_DEBUG_INFO = INCLUDE_SOURCE;
				MTL_FAST_MATH = YES;
				ONLY_ACTIVE_ARCH = YES;
				SWIFT_ACTIVE_COMPILATION_CONDITIONS = DEBUG;
				SWIFT_OPTIMIZATION_LEVEL = "-Onone";
			};
			name = Debug;
		};
		1780CE45280B94F900915BE2 /* Release */ = {
			isa = XCBuildConfiguration;
			buildSettings = {
				ALWAYS_SEARCH_USER_PATHS = NO;
				CLANG_ANALYZER_NONNULL = YES;
				CLANG_ANALYZER_NUMBER_OBJECT_CONVERSION = YES_AGGRESSIVE;
				CLANG_CXX_LANGUAGE_STANDARD = "gnu++17";
				CLANG_CXX_LIBRARY = "libc++";
				CLANG_ENABLE_MODULES = YES;
				CLANG_ENABLE_OBJC_ARC = YES;
				CLANG_ENABLE_OBJC_WEAK = YES;
				CLANG_WARN_BLOCK_CAPTURE_AUTORELEASING = YES;
				CLANG_WARN_BOOL_CONVERSION = YES;
				CLANG_WARN_COMMA = YES;
				CLANG_WARN_CONSTANT_CONVERSION = YES;
				CLANG_WARN_DEPRECATED_OBJC_IMPLEMENTATIONS = YES;
				CLANG_WARN_DIRECT_OBJC_ISA_USAGE = YES_ERROR;
				CLANG_WARN_DOCUMENTATION_COMMENTS = YES;
				CLANG_WARN_EMPTY_BODY = YES;
				CLANG_WARN_ENUM_CONVERSION = YES;
				CLANG_WARN_INFINITE_RECURSION = YES;
				CLANG_WARN_INT_CONVERSION = YES;
				CLANG_WARN_NON_LITERAL_NULL_CONVERSION = YES;
				CLANG_WARN_OBJC_IMPLICIT_RETAIN_SELF = YES;
				CLANG_WARN_OBJC_LITERAL_CONVERSION = YES;
				CLANG_WARN_OBJC_ROOT_CLASS = YES_ERROR;
				CLANG_WARN_QUOTED_INCLUDE_IN_FRAMEWORK_HEADER = YES;
				CLANG_WARN_RANGE_LOOP_ANALYSIS = YES;
				CLANG_WARN_STRICT_PROTOTYPES = YES;
				CLANG_WARN_SUSPICIOUS_MOVE = YES;
				CLANG_WARN_UNGUARDED_AVAILABILITY = YES_AGGRESSIVE;
				CLANG_WARN_UNREACHABLE_CODE = YES;
				CLANG_WARN__DUPLICATE_METHOD_MATCH = YES;
				COPY_PHASE_STRIP = NO;
				DEBUG_INFORMATION_FORMAT = "dwarf-with-dsym";
				ENABLE_NS_ASSERTIONS = NO;
				ENABLE_STRICT_OBJC_MSGSEND = YES;
				GCC_C_LANGUAGE_STANDARD = gnu11;
				GCC_NO_COMMON_BLOCKS = YES;
				GCC_WARN_64_TO_32_BIT_CONVERSION = YES;
				GCC_WARN_ABOUT_RETURN_TYPE = YES_ERROR;
				GCC_WARN_UNDECLARED_SELECTOR = YES;
				GCC_WARN_UNINITIALIZED_AUTOS = YES_AGGRESSIVE;
				GCC_WARN_UNUSED_FUNCTION = YES;
				GCC_WARN_UNUSED_VARIABLE = YES;
				MTL_ENABLE_DEBUG_INFO = NO;
				MTL_FAST_MATH = YES;
				SWIFT_COMPILATION_MODE = wholemodule;
				SWIFT_OPTIMIZATION_LEVEL = "-O";
			};
			name = Release;
		};
		1780CE47280B94F900915BE2 /* Debug */ = {
			isa = XCBuildConfiguration;
			buildSettings = {
				ASSETCATALOG_COMPILER_APPICON_NAME = AppIcon;
				ASSETCATALOG_COMPILER_GLOBAL_ACCENT_COLOR_NAME = AccentColor;
				CODE_SIGN_STYLE = Automatic;
				CURRENT_PROJECT_VERSION = 1;
				DEVELOPMENT_TEAM = Q9A5RCTM73;
				ENABLE_PREVIEWS = YES;
				GENERATE_INFOPLIST_FILE = YES;
				INFOPLIST_KEY_UIApplicationSceneManifest_Generation = YES;
				INFOPLIST_KEY_UIApplicationSupportsIndirectInputEvents = YES;
				INFOPLIST_KEY_UILaunchScreen_Generation = YES;
				INFOPLIST_KEY_UISupportedInterfaceOrientations_iPad = "UIInterfaceOrientationPortrait UIInterfaceOrientationPortraitUpsideDown UIInterfaceOrientationLandscapeLeft UIInterfaceOrientationLandscapeRight";
				INFOPLIST_KEY_UISupportedInterfaceOrientations_iPhone = "UIInterfaceOrientationPortrait UIInterfaceOrientationLandscapeLeft UIInterfaceOrientationLandscapeRight";
				IPHONEOS_DEPLOYMENT_TARGET = 15.2;
				LD_RUNPATH_SEARCH_PATHS = (
					"$(inherited)",
					"@executable_path/Frameworks",
				);
				MARKETING_VERSION = 1.0;
				PRODUCT_BUNDLE_IDENTIFIER = com.suensky.WeSplit;
				PRODUCT_NAME = WeSplit;
				SDKROOT = iphoneos;
				SWIFT_EMIT_LOC_STRINGS = YES;
				SWIFT_VERSION = 5.0;
				TARGETED_DEVICE_FAMILY = "1,2";
			};
			name = Debug;
		};
		1780CE48280B94F900915BE2 /* Release */ = {
			isa = XCBuildConfiguration;
			buildSettings = {
				ASSETCATALOG_COMPILER_APPICON_NAME = AppIcon;
				ASSETCATALOG_COMPILER_GLOBAL_ACCENT_COLOR_NAME = AccentColor;
				CODE_SIGN_STYLE = Automatic;
				CURRENT_PROJECT_VERSION = 1;
				DEVELOPMENT_TEAM = Q9A5RCTM73;
				ENABLE_PREVIEWS = YES;
				GENERATE_INFOPLIST_FILE = YES;
				INFOPLIST_KEY_UIApplicationSceneManifest_Generation = YES;
				INFOPLIST_KEY_UIApplicationSupportsIndirectInputEvents = YES;
				INFOPLIST_KEY_UILaunchScreen_Generation = YES;
				INFOPLIST_KEY_UISupportedInterfaceOrientations_iPad = "UIInterfaceOrientationPortrait UIInterfaceOrientationPortraitUpsideDown UIInterfaceOrientationLandscapeLeft UIInterfaceOrientationLandscapeRight";
				INFOPLIST_KEY_UISupportedInterfaceOrientations_iPhone = "UIInterfaceOrientationPortrait UIInterfaceOrientationLandscapeLeft UIInterfaceOrientationLandscapeRight";
				IPHONEOS_DEPLOYMENT_TARGET = 15.2;
				LD_RUNPATH_SEARCH_PATHS = (
					"$(inherited)",
					"@executable_path/Frameworks",
				);
				MARKETING_VERSION = 1.0;
				PRODUCT_BUNDLE_IDENTIFIER = com.suensky.WeSplit;
				PRODUCT_NAME = WeSplit;
				SDKROOT = iphoneos;
				SWIFT_EMIT_LOC_STRINGS = YES;
				SWIFT_VERSION = 5.0;
				TARGETED_DEVICE_FAMILY = "1,2";
				VALIDATE_PRODUCT = YES;
			};
			name = Release;
		};
		1780CE4A280B94F900915BE2 /* Debug */ = {
			isa = XCBuildConfiguration;
			buildSettings = {
				ASSETCATALOG_COMPILER_APPICON_NAME = AppIcon;
				ASSETCATALOG_COMPILER_GLOBAL_ACCENT_COLOR_NAME = AccentColor;
				CODE_SIGN_ENTITLEMENTS = macOS/macOS.entitlements;
				CODE_SIGN_IDENTITY = "-";
				CODE_SIGN_STYLE = Automatic;
				COMBINE_HIDPI_IMAGES = YES;
				CURRENT_PROJECT_VERSION = 1;
				DEVELOPMENT_TEAM = Q9A5RCTM73;
				ENABLE_HARDENED_RUNTIME = YES;
				ENABLE_PREVIEWS = YES;
				GENERATE_INFOPLIST_FILE = YES;
				INFOPLIST_KEY_NSHumanReadableCopyright = "";
				LD_RUNPATH_SEARCH_PATHS = (
					"$(inherited)",
					"@executable_path/../Frameworks",
				);
				MACOSX_DEPLOYMENT_TARGET = 12.1;
				MARKETING_VERSION = 1.0;
				PRODUCT_BUNDLE_IDENTIFIER = com.suensky.WeSplit;
				PRODUCT_NAME = WeSplit;
				SDKROOT = macosx;
				SWIFT_EMIT_LOC_STRINGS = YES;
				SWIFT_VERSION = 5.0;
			};
			name = Debug;
		};
		1780CE4B280B94F900915BE2 /* Release */ = {
			isa = XCBuildConfiguration;
			buildSettings = {
				ASSETCATALOG_COMPILER_APPICON_NAME = AppIcon;
				ASSETCATALOG_COMPILER_GLOBAL_ACCENT_COLOR_NAME = AccentColor;
				CODE_SIGN_ENTITLEMENTS = macOS/macOS.entitlements;
				CODE_SIGN_IDENTITY = "-";
				CODE_SIGN_STYLE = Automatic;
				COMBINE_HIDPI_IMAGES = YES;
				CURRENT_PROJECT_VERSION = 1;
				DEVELOPMENT_TEAM = Q9A5RCTM73;
				ENABLE_HARDENED_RUNTIME = YES;
				ENABLE_PREVIEWS = YES;
				GENERATE_INFOPLIST_FILE = YES;
				INFOPLIST_KEY_NSHumanReadableCopyright = "";
				LD_RUNPATH_SEARCH_PATHS = (
					"$(inherited)",
					"@executable_path/../Frameworks",
				);
				MACOSX_DEPLOYMENT_TARGET = 12.1;
				MARKETING_VERSION = 1.0;
				PRODUCT_BUNDLE_IDENTIFIER = com.suensky.WeSplit;
				PRODUCT_NAME = WeSplit;
				SDKROOT = macosx;
				SWIFT_EMIT_LOC_STRINGS = YES;
				SWIFT_VERSION = 5.0;
			};
			name = Release;
		};
		1780CE4D280B94F900915BE2 /* Debug */ = {
			isa = XCBuildConfiguration;
			buildSettings = {
				ALWAYS_EMBED_SWIFT_STANDARD_LIBRARIES = YES;
				CODE_SIGN_STYLE = Automatic;
				CURRENT_PROJECT_VERSION = 1;
				DEVELOPMENT_TEAM = Q9A5RCTM73;
				GENERATE_INFOPLIST_FILE = YES;
				IPHONEOS_DEPLOYMENT_TARGET = 15.2;
				MARKETING_VERSION = 1.0;
				PRODUCT_BUNDLE_IDENTIFIER = "com.suensky.Tests-iOS";
				PRODUCT_NAME = "$(TARGET_NAME)";
				SDKROOT = iphoneos;
				SWIFT_EMIT_LOC_STRINGS = NO;
				SWIFT_VERSION = 5.0;
				TARGETED_DEVICE_FAMILY = "1,2";
				TEST_TARGET_NAME = "WeSplit (iOS)";
			};
			name = Debug;
		};
		1780CE4E280B94F900915BE2 /* Release */ = {
			isa = XCBuildConfiguration;
			buildSettings = {
				ALWAYS_EMBED_SWIFT_STANDARD_LIBRARIES = YES;
				CODE_SIGN_STYLE = Automatic;
				CURRENT_PROJECT_VERSION = 1;
				DEVELOPMENT_TEAM = Q9A5RCTM73;
				GENERATE_INFOPLIST_FILE = YES;
				IPHONEOS_DEPLOYMENT_TARGET = 15.2;
				MARKETING_VERSION = 1.0;
				PRODUCT_BUNDLE_IDENTIFIER = "com.suensky.Tests-iOS";
				PRODUCT_NAME = "$(TARGET_NAME)";
				SDKROOT = iphoneos;
				SWIFT_EMIT_LOC_STRINGS = NO;
				SWIFT_VERSION = 5.0;
				TARGETED_DEVICE_FAMILY = "1,2";
				TEST_TARGET_NAME = "WeSplit (iOS)";
				VALIDATE_PRODUCT = YES;
			};
			name = Release;
		};
		1780CE50280B94F900915BE2 /* Debug */ = {
			isa = XCBuildConfiguration;
			buildSettings = {
				ALWAYS_EMBED_SWIFT_STANDARD_LIBRARIES = YES;
				CODE_SIGN_STYLE = Automatic;
				CURRENT_PROJECT_VERSION = 1;
				DEVELOPMENT_TEAM = Q9A5RCTM73;
				GENERATE_INFOPLIST_FILE = YES;
				MACOSX_DEPLOYMENT_TARGET = 12.1;
				MARKETING_VERSION = 1.0;
				PRODUCT_BUNDLE_IDENTIFIER = "com.suensky.Tests-macOS";
				PRODUCT_NAME = "$(TARGET_NAME)";
				SDKROOT = macosx;
				SWIFT_EMIT_LOC_STRINGS = NO;
				SWIFT_VERSION = 5.0;
				TEST_TARGET_NAME = "WeSplit (macOS)";
			};
			name = Debug;
		};
		1780CE51280B94F900915BE2 /* Release */ = {
			isa = XCBuildConfiguration;
			buildSettings = {
				ALWAYS_EMBED_SWIFT_STANDARD_LIBRARIES = YES;
				CODE_SIGN_STYLE = Automatic;
				CURRENT_PROJECT_VERSION = 1;
				DEVELOPMENT_TEAM = Q9A5RCTM73;
				GENERATE_INFOPLIST_FILE = YES;
				MACOSX_DEPLOYMENT_TARGET = 12.1;
				MARKETING_VERSION = 1.0;
				PRODUCT_BUNDLE_IDENTIFIER = "com.suensky.Tests-macOS";
				PRODUCT_NAME = "$(TARGET_NAME)";
				SDKROOT = macosx;
				SWIFT_EMIT_LOC_STRINGS = NO;
				SWIFT_VERSION = 5.0;
				TEST_TARGET_NAME = "WeSplit (macOS)";
			};
			name = Release;
		};
/* End XCBuildConfiguration section */

/* Begin XCConfigurationList section */
		1780CE14280B94F700915BE2 /* Build configuration list for PBXProject "WeSplit" */ = {
			isa = XCConfigurationList;
			buildConfigurations = (
				1780CE44280B94F900915BE2 /* Debug */,
				1780CE45280B94F900915BE2 /* Release */,
			);
			defaultConfigurationIsVisible = 0;
			defaultConfigurationName = Release;
		};
		1780CE46280B94F900915BE2 /* Build configuration list for PBXNativeTarget "WeSplit (iOS)" */ = {
			isa = XCConfigurationList;
			buildConfigurations = (
				1780CE47280B94F900915BE2 /* Debug */,
				1780CE48280B94F900915BE2 /* Release */,
			);
			defaultConfigurationIsVisible = 0;
			defaultConfigurationName = Release;
		};
		1780CE49280B94F900915BE2 /* Build configuration list for PBXNativeTarget "WeSplit (macOS)" */ = {
			isa = XCConfigurationList;
			buildConfigurations = (
				1780CE4A280B94F900915BE2 /* Debug */,
				1780CE4B280B94F900915BE2 /* Release */,
			);
			defaultConfigurationIsVisible = 0;
			defaultConfigurationName = Release;
		};
		1780CE4C280B94F900915BE2 /* Build configuration list for PBXNativeTarget "Tests iOS" */ = {
			isa = XCConfigurationList;
			buildConfigurations = (
				1780CE4D280B94F900915BE2 /* Debug */,
				1780CE4E280B94F900915BE2 /* Release */,
			);
			defaultConfigurationIsVisible = 0;
			defaultConfigurationName = Release;
		};
		1780CE4F280B94F900915BE2 /* Build configuration list for PBXNativeTarget "Tests macOS" */ = {
			isa = XCConfigurationList;
			buildConfigurations = (
				1780CE50280B94F900915BE2 /* Debug */,
				1780CE51280B94F900915BE2 /* Release */,
			);
			defaultConfigurationIsVisible = 0;
			defaultConfigurationName = Release;
		};
/* End XCConfigurationList section */
	};
	rootObject = 1780CE11280B94F700915BE2 /* Project object */;
}
