// !$*UTF8*$!
{
	archiveVersion = 1;
	classes = {
	};
	objectVersion = 50;
	objects = {

/* Begin PBXBuildFile section */
		1701AD6E25AFC94B00A6709E /* ScrumdingerApp.swift in Sources */ = {isa = PBXBuildFile; fileRef = 1701AD6D25AFC94B00A6709E /* ScrumdingerApp.swift */; };
		1701AD7025AFC94B00A6709E /* MeetingView.swift in Sources */ = {isa = PBXBuildFile; fileRef = 1701AD6F25AFC94B00A6709E /* MeetingView.swift */; };
		1701AD7225AFC94B00A6709E /* Assets.xcassets in Resources */ = {isa = PBXBuildFile; fileRef = 1701AD7125AFC94B00A6709E /* Assets.xcassets */; };
		1701AD7525AFC94B00A6709E /* Preview Assets.xcassets in Resources */ = {isa = PBXBuildFile; fileRef = 1701AD7425AFC94B00A6709E /* Preview Assets.xcassets */; };
		1701AD8025AFC94B00A6709E /* ScrumdingerTests.swift in Sources */ = {isa = PBXBuildFile; fileRef = 1701AD7F25AFC94B00A6709E /* ScrumdingerTests.swift */; };
		1701AD8B25AFC94B00A6709E /* ScrumdingerUITests.swift in Sources */ = {isa = PBXBuildFile; fileRef = 1701AD8A25AFC94B00A6709E /* ScrumdingerUITests.swift */; };
		1701ADA025B25CF900A6709E /* DailyScrum.swift in Sources */ = {isa = PBXBuildFile; fileRef = 1701AD9F25B25CF900A6709E /* DailyScrum.swift */; };
		1701ADA525B25EAB00A6709E /* CardView.swift in Sources */ = {isa = PBXBuildFile; fileRef = 1701ADA425B25EAB00A6709E /* CardView.swift */; };
		1701ADAA25B260A500A6709E /* ScrumsView.swift in Sources */ = {isa = PBXBuildFile; fileRef = 1701ADA925B260A500A6709E /* ScrumsView.swift */; };
		1701ADAF25B262D500A6709E /* Color+Codable.swift in Sources */ = {isa = PBXBuildFile; fileRef = 1701ADAE25B262D500A6709E /* Color+Codable.swift */; };
		1701ADD325B266F300A6709E /* DetailView.swift in Sources */ = {isa = PBXBuildFile; fileRef = 1701ADD225B266F300A6709E /* DetailView.swift */; };
/* End PBXBuildFile section */

/* Begin PBXContainerItemProxy section */
		1701AD7C25AFC94B00A6709E /* PBXContainerItemProxy */ = {
			isa = PBXContainerItemProxy;
			containerPortal = 1701AD6225AFC94B00A6709E /* Project object */;
			proxyType = 1;
			remoteGlobalIDString = 1701AD6925AFC94B00A6709E;
			remoteInfo = Scrumdinger;
		};
		1701AD8725AFC94B00A6709E /* PBXContainerItemProxy */ = {
			isa = PBXContainerItemProxy;
			containerPortal = 1701AD6225AFC94B00A6709E /* Project object */;
			proxyType = 1;
			remoteGlobalIDString = 1701AD6925AFC94B00A6709E;
			remoteInfo = Scrumdinger;
		};
/* End PBXContainerItemProxy section */

/* Begin PBXFileReference section */
		1701AD6A25AFC94B00A6709E /* Scrumdinger.app */ = {isa = PBXFileReference; explicitFileType = wrapper.application; includeInIndex = 0; path = Scrumdinger.app; sourceTree = BUILT_PRODUCTS_DIR; };
		1701AD6D25AFC94B00A6709E /* ScrumdingerApp.swift */ = {isa = PBXFileReference; lastKnownFileType = sourcecode.swift; path = ScrumdingerApp.swift; sourceTree = "<group>"; };
		1701AD6F25AFC94B00A6709E /* MeetingView.swift */ = {isa = PBXFileReference; lastKnownFileType = sourcecode.swift; path = MeetingView.swift; sourceTree = "<group>"; };
		1701AD7125AFC94B00A6709E /* Assets.xcassets */ = {isa = PBXFileReference; lastKnownFileType = folder.assetcatalog; path = Assets.xcassets; sourceTree = "<group>"; };
		1701AD7425AFC94B00A6709E /* Preview Assets.xcassets */ = {isa = PBXFileReference; lastKnownFileType = folder.assetcatalog; path = "Preview Assets.xcassets"; sourceTree = "<group>"; };
		1701AD7625AFC94B00A6709E /* Info.plist */ = {isa = PBXFileReference; lastKnownFileType = text.plist.xml; path = Info.plist; sourceTree = "<group>"; };
		1701AD7B25AFC94B00A6709E /* ScrumdingerTests.xctest */ = {isa = PBXFileReference; explicitFileType = wrapper.cfbundle; includeInIndex = 0; path = ScrumdingerTests.xctest; sourceTree = BUILT_PRODUCTS_DIR; };
		1701AD7F25AFC94B00A6709E /* ScrumdingerTests.swift */ = {isa = PBXFileReference; lastKnownFileType = sourcecode.swift; path = ScrumdingerTests.swift; sourceTree = "<group>"; };
		1701AD8125AFC94B00A6709E /* Info.plist */ = {isa = PBXFileReference; lastKnownFileType = text.plist.xml; path = Info.plist; sourceTree = "<group>"; };
		1701AD8625AFC94B00A6709E /* ScrumdingerUITests.xctest */ = {isa = PBXFileReference; explicitFileType = wrapper.cfbundle; includeInIndex = 0; path = ScrumdingerUITests.xctest; sourceTree = BUILT_PRODUCTS_DIR; };
		1701AD8A25AFC94B00A6709E /* ScrumdingerUITests.swift */ = {isa = PBXFileReference; lastKnownFileType = sourcecode.swift; path = ScrumdingerUITests.swift; sourceTree = "<group>"; };
		1701AD8C25AFC94B00A6709E /* Info.plist */ = {isa = PBXFileReference; lastKnownFileType = text.plist.xml; path = Info.plist; sourceTree = "<group>"; };
		1701AD9F25B25CF900A6709E /* DailyScrum.swift */ = {isa = PBXFileReference; lastKnownFileType = sourcecode.swift; path = DailyScrum.swift; sourceTree = "<group>"; };
		1701ADA425B25EAB00A6709E /* CardView.swift */ = {isa = PBXFileReference; lastKnownFileType = sourcecode.swift; path = CardView.swift; sourceTree = "<group>"; };
		1701ADA925B260A500A6709E /* ScrumsView.swift */ = {isa = PBXFileReference; lastKnownFileType = sourcecode.swift; path = ScrumsView.swift; sourceTree = "<group>"; };
		1701ADAE25B262D500A6709E /* Color+Codable.swift */ = {isa = PBXFileReference; fileEncoding = 4; lastKnownFileType = sourcecode.swift; path = "Color+Codable.swift"; sourceTree = "<group>"; };
		1701ADD225B266F300A6709E /* DetailView.swift */ = {isa = PBXFileReference; lastKnownFileType = sourcecode.swift; path = DetailView.swift; sourceTree = "<group>"; };
/* End PBXFileReference section */

/* Begin PBXFrameworksBuildPhase section */
		1701AD6725AFC94B00A6709E /* Frameworks */ = {
			isa = PBXFrameworksBuildPhase;
			buildActionMask = 2147483647;
			files = (
			);
			runOnlyForDeploymentPostprocessing = 0;
		};
		1701AD7825AFC94B00A6709E /* Frameworks */ = {
			isa = PBXFrameworksBuildPhase;
			buildActionMask = 2147483647;
			files = (
			);
			runOnlyForDeploymentPostprocessing = 0;
		};
		1701AD8325AFC94B00A6709E /* Frameworks */ = {
			isa = PBXFrameworksBuildPhase;
			buildActionMask = 2147483647;
			files = (
			);
			runOnlyForDeploymentPostprocessing = 0;
		};
/* End PBXFrameworksBuildPhase section */

/* Begin PBXGroup section */
		1701AD6125AFC94B00A6709E = {
			isa = PBXGroup;
			children = (
				1701AD6B25AFC94B00A6709E /* Products */,
				1701AD6C25AFC94B00A6709E /* Scrumdinger */,
				1701AD7E25AFC94B00A6709E /* ScrumdingerTests */,
				1701AD8925AFC94B00A6709E /* ScrumdingerUITests */,
			);
			sourceTree = "<group>";
		};
		1701AD6B25AFC94B00A6709E /* Products */ = {
			isa = PBXGroup;
			children = (
				1701AD6A25AFC94B00A6709E /* Scrumdinger.app */,
				1701AD7B25AFC94B00A6709E /* ScrumdingerTests.xctest */,
				1701AD8625AFC94B00A6709E /* ScrumdingerUITests.xctest */,
			);
			name = Products;
			sourceTree = "<group>";
		};
		1701AD6C25AFC94B00A6709E /* Scrumdinger */ = {
			isa = PBXGroup;
			children = (
				1701AD7625AFC94B00A6709E /* Info.plist */,
				1701ADA425B25EAB00A6709E /* CardView.swift */,
				1701ADD225B266F300A6709E /* DetailView.swift */,
				1701AD6F25AFC94B00A6709E /* MeetingView.swift */,
				1701AD6D25AFC94B00A6709E /* ScrumdingerApp.swift */,
				1701ADA925B260A500A6709E /* ScrumsView.swift */,
				1701AD7125AFC94B00A6709E /* Assets.xcassets */,
				1701AD9E25B25CE300A6709E /* Models */,
				1701AD7325AFC94B00A6709E /* Preview Content */,
			);
			path = Scrumdinger;
			sourceTree = "<group>";
		};
		1701AD7325AFC94B00A6709E /* Preview Content */ = {
			isa = PBXGroup;
			children = (
				1701AD7425AFC94B00A6709E /* Preview Assets.xcassets */,
			);
			path = "Preview Content";
			sourceTree = "<group>";
		};
		1701AD7E25AFC94B00A6709E /* ScrumdingerTests */ = {
			isa = PBXGroup;
			children = (
				1701AD7F25AFC94B00A6709E /* ScrumdingerTests.swift */,
				1701AD8125AFC94B00A6709E /* Info.plist */,
			);
			path = ScrumdingerTests;
			sourceTree = "<group>";
		};
		1701AD8925AFC94B00A6709E /* ScrumdingerUITests */ = {
			isa = PBXGroup;
			children = (
				1701AD8A25AFC94B00A6709E /* ScrumdingerUITests.swift */,
				1701AD8C25AFC94B00A6709E /* Info.plist */,
			);
			path = ScrumdingerUITests;
			sourceTree = "<group>";
		};
		1701AD9E25B25CE300A6709E /* Models */ = {
			isa = PBXGroup;
			children = (
				1701ADAE25B262D500A6709E /* Color+Codable.swift */,
				1701AD9F25B25CF900A6709E /* DailyScrum.swift */,
			);
			path = Models;
			sourceTree = "<group>";
		};
/* End PBXGroup section */

/* Begin PBXNativeTarget section */
		1701AD6925AFC94B00A6709E /* Scrumdinger */ = {
			isa = PBXNativeTarget;
			buildConfigurationList = 1701AD8F25AFC94B00A6709E /* Build configuration list for PBXNativeTarget "Scrumdinger" */;
			buildPhases = (
				1701AD6625AFC94B00A6709E /* Sources */,
				1701AD6725AFC94B00A6709E /* Frameworks */,
				1701AD6825AFC94B00A6709E /* Resources */,
			);
			buildRules = (
			);
			dependencies = (
			);
			name = Scrumdinger;
			productName = Scrumdinger;
			productReference = 1701AD6A25AFC94B00A6709E /* Scrumdinger.app */;
			productType = "com.apple.product-type.application";
		};
		1701AD7A25AFC94B00A6709E /* ScrumdingerTests */ = {
			isa = PBXNativeTarget;
			buildConfigurationList = 1701AD9225AFC94B00A6709E /* Build configuration list for PBXNativeTarget "ScrumdingerTests" */;
			buildPhases = (
				1701AD7725AFC94B00A6709E /* Sources */,
				1701AD7825AFC94B00A6709E /* Frameworks */,
				1701AD7925AFC94B00A6709E /* Resources */,
			);
			buildRules = (
			);
			dependencies = (
				1701AD7D25AFC94B00A6709E /* PBXTargetDependency */,
			);
			name = ScrumdingerTests;
			productName = ScrumdingerTests;
			productReference = 1701AD7B25AFC94B00A6709E /* ScrumdingerTests.xctest */;
			productType = "com.apple.product-type.bundle.unit-test";
		};
		1701AD8525AFC94B00A6709E /* ScrumdingerUITests */ = {
			isa = PBXNativeTarget;
			buildConfigurationList = 1701AD9525AFC94B00A6709E /* Build configuration list for PBXNativeTarget "ScrumdingerUITests" */;
			buildPhases = (
				1701AD8225AFC94B00A6709E /* Sources */,
				1701AD8325AFC94B00A6709E /* Frameworks */,
				1701AD8425AFC94B00A6709E /* Resources */,
			);
			buildRules = (
			);
			dependencies = (
				1701AD8825AFC94B00A6709E /* PBXTargetDependency */,
			);
			name = ScrumdingerUITests;
			productName = ScrumdingerUITests;
			productReference = 1701AD8625AFC94B00A6709E /* ScrumdingerUITests.xctest */;
			productType = "com.apple.product-type.bundle.ui-testing";
		};
/* End PBXNativeTarget section */

/* Begin PBXProject section */
		1701AD6225AFC94B00A6709E /* Project object */ = {
			isa = PBXProject;
			attributes = {
				LastSwiftUpdateCheck = 1230;
				LastUpgradeCheck = 1230;
				TargetAttributes = {
					1701AD6925AFC94B00A6709E = {
						CreatedOnToolsVersion = 12.3;
					};
					1701AD7A25AFC94B00A6709E = {
						CreatedOnToolsVersion = 12.3;
						TestTargetID = 1701AD6925AFC94B00A6709E;
					};
					1701AD8525AFC94B00A6709E = {
						CreatedOnToolsVersion = 12.3;
						TestTargetID = 1701AD6925AFC94B00A6709E;
					};
				};
			};
			buildConfigurationList = 1701AD6525AFC94B00A6709E /* Build configuration list for PBXProject "Scrumdinger" */;
			compatibilityVersion = "Xcode 9.3";
			developmentRegion = en;
			hasScannedForEncodings = 0;
			knownRegions = (
				en,
				Base,
			);
			mainGroup = 1701AD6125AFC94B00A6709E;
			productRefGroup = 1701AD6B25AFC94B00A6709E /* Products */;
			projectDirPath = "";
			projectRoot = "";
			targets = (
				1701AD6925AFC94B00A6709E /* Scrumdinger */,
				1701AD7A25AFC94B00A6709E /* ScrumdingerTests */,
				1701AD8525AFC94B00A6709E /* ScrumdingerUITests */,
			);
		};
/* End PBXProject section */

/* Begin PBXResourcesBuildPhase section */
		1701AD6825AFC94B00A6709E /* Resources */ = {
			isa = PBXResourcesBuildPhase;
			buildActionMask = 2147483647;
			files = (
				1701AD7525AFC94B00A6709E /* Preview Assets.xcassets in Resources */,
				1701AD7225AFC94B00A6709E /* Assets.xcassets in Resources */,
			);
			runOnlyForDeploymentPostprocessing = 0;
		};
		1701AD7925AFC94B00A6709E /* Resources */ = {
			isa = PBXResourcesBuildPhase;
			buildActionMask = 2147483647;
			files = (
			);
			runOnlyForDeploymentPostprocessing = 0;
		};
		1701AD8425AFC94B00A6709E /* Resources */ = {
			isa = PBXResourcesBuildPhase;
			buildActionMask = 2147483647;
			files = (
			);
			runOnlyForDeploymentPostprocessing = 0;
		};
/* End PBXResourcesBuildPhase section */

/* Begin PBXSourcesBuildPhase section */
		1701AD6625AFC94B00A6709E /* Sources */ = {
			isa = PBXSourcesBuildPhase;
			buildActionMask = 2147483647;
			files = (
				1701AD7025AFC94B00A6709E /* MeetingView.swift in Sources */,
				1701ADA025B25CF900A6709E /* DailyScrum.swift in Sources */,
				1701ADA525B25EAB00A6709E /* CardView.swift in Sources */,
				1701ADD325B266F300A6709E /* DetailView.swift in Sources */,
				1701ADAA25B260A500A6709E /* ScrumsView.swift in Sources */,
				1701ADAF25B262D500A6709E /* Color+Codable.swift in Sources */,
				1701AD6E25AFC94B00A6709E /* ScrumdingerApp.swift in Sources */,
			);
			runOnlyForDeploymentPostprocessing = 0;
		};
		1701AD7725AFC94B00A6709E /* Sources */ = {
			isa = PBXSourcesBuildPhase;
			buildActionMask = 2147483647;
			files = (
				1701AD8025AFC94B00A6709E /* ScrumdingerTests.swift in Sources */,
			);
			runOnlyForDeploymentPostprocessing = 0;
		};
		1701AD8225AFC94B00A6709E /* Sources */ = {
			isa = PBXSourcesBuildPhase;
			buildActionMask = 2147483647;
			files = (
				1701AD8B25AFC94B00A6709E /* ScrumdingerUITests.swift in Sources */,
			);
			runOnlyForDeploymentPostprocessing = 0;
		};
/* End PBXSourcesBuildPhase section */

/* Begin PBXTargetDependency section */
		1701AD7D25AFC94B00A6709E /* PBXTargetDependency */ = {
			isa = PBXTargetDependency;
			target = 1701AD6925AFC94B00A6709E /* Scrumdinger */;
			targetProxy = 1701AD7C25AFC94B00A6709E /* PBXContainerItemProxy */;
		};
		1701AD8825AFC94B00A6709E /* PBXTargetDependency */ = {
			isa = PBXTargetDependency;
			target = 1701AD6925AFC94B00A6709E /* Scrumdinger */;
			targetProxy = 1701AD8725AFC94B00A6709E /* PBXContainerItemProxy */;
		};
/* End PBXTargetDependency section */

/* Begin XCBuildConfiguration section */
		1701AD8D25AFC94B00A6709E /* Debug */ = {
			isa = XCBuildConfiguration;
			buildSettings = {
				ALWAYS_SEARCH_USER_PATHS = NO;
				CLANG_ANALYZER_NONNULL = YES;
				CLANG_ANALYZER_NUMBER_OBJECT_CONVERSION = YES_AGGRESSIVE;
				CLANG_CXX_LANGUAGE_STANDARD = "gnu++14";
				CLANG_CXX_LIBRARY = "libc++";
				CLANG_ENABLE_MODULES = YES;
				CLANG_ENABLE_OBJC_ARC = YES;
				CLANG_ENABLE_OBJC_WEAK = YES;
				CLANG_WARN_BLOCK_CAPTURE_AUTORELEASING = YES;
				CLANG_WARN_BOOL_CONVERSION = YES;
				CLANG_WARN_COMMA = YES;
				CLANG_WARN_CONSTANT_CONVERSION = YES;
				CLANG_WARN_DEPRECATED_OBJC_IMPLEMENTATIONS = YES;
				CLANG_WARN_DIRECT_OBJC_ISA_USAGE = YES_ERROR;
				CLANG_WARN_DOCUMENTATION_COMMENTS = YES;
				CLANG_WARN_EMPTY_BODY = YES;
				CLANG_WARN_ENUM_CONVERSION = YES;
				CLANG_WARN_INFINITE_RECURSION = YES;
				CLANG_WARN_INT_CONVERSION = YES;
				CLANG_WARN_NON_LITERAL_NULL_CONVERSION = YES;
				CLANG_WARN_OBJC_IMPLICIT_RETAIN_SELF = YES;
				CLANG_WARN_OBJC_LITERAL_CONVERSION = YES;
				CLANG_WARN_OBJC_ROOT_CLASS = YES_ERROR;
				CLANG_WARN_QUOTED_INCLUDE_IN_FRAMEWORK_HEADER = YES;
				CLANG_WARN_RANGE_LOOP_ANALYSIS = YES;
				CLANG_WARN_STRICT_PROTOTYPES = YES;
				CLANG_WARN_SUSPICIOUS_MOVE = YES;
				CLANG_WARN_UNGUARDED_AVAILABILITY = YES_AGGRESSIVE;
				CLANG_WARN_UNREACHABLE_CODE = YES;
				CLANG_WARN__DUPLICATE_METHOD_MATCH = YES;
				COPY_PHASE_STRIP = NO;
				DEBUG_INFORMATION_FORMAT = dwarf;
				ENABLE_STRICT_OBJC_MSGSEND = YES;
				ENABLE_TESTABILITY = YES;
				GCC_C_LANGUAGE_STANDARD = gnu11;
				GCC_DYNAMIC_NO_PIC = NO;
				GCC_NO_COMMON_BLOCKS = YES;
				GCC_OPTIMIZATION_LEVEL = 0;
				GCC_PREPROCESSOR_DEFINITIONS = (
					"DEBUG=1",
					"$(inherited)",
				);
				GCC_WARN_64_TO_32_BIT_CONVERSION = YES;
				GCC_WARN_ABOUT_RETURN_TYPE = YES_ERROR;
				GCC_WARN_UNDECLARED_SELECTOR = YES;
				GCC_WARN_UNINITIALIZED_AUTOS = YES_AGGRESSIVE;
				GCC_WARN_UNUSED_FUNCTION = YES;
				GCC_WARN_UNUSED_VARIABLE = YES;
				IPHONEOS_DEPLOYMENT_TARGET = 14.3;
				MTL_ENABLE_DEBUG_INFO = INCLUDE_SOURCE;
				MTL_FAST_MATH = YES;
				ONLY_ACTIVE_ARCH = YES;
				SDKROOT = iphoneos;
				SWIFT_ACTIVE_COMPILATION_CONDITIONS = DEBUG;
				SWIFT_OPTIMIZATION_LEVEL = "-Onone";
			};
			name = Debug;
		};
		1701AD8E25AFC94B00A6709E /* Release */ = {
			isa = XCBuildConfiguration;
			buildSettings = {
				ALWAYS_SEARCH_USER_PATHS = NO;
				CLANG_ANALYZER_NONNULL = YES;
				CLANG_ANALYZER_NUMBER_OBJECT_CONVERSION = YES_AGGRESSIVE;
				CLANG_CXX_LANGUAGE_STANDARD = "gnu++14";
				CLANG_CXX_LIBRARY = "libc++";
				CLANG_ENABLE_MODULES = YES;
				CLANG_ENABLE_OBJC_ARC = YES;
				CLANG_ENABLE_OBJC_WEAK = YES;
				CLANG_WARN_BLOCK_CAPTURE_AUTORELEASING = YES;
				CLANG_WARN_BOOL_CONVERSION = YES;
				CLANG_WARN_COMMA = YES;
				CLANG_WARN_CONSTANT_CONVERSION = YES;
				CLANG_WARN_DEPRECATED_OBJC_IMPLEMENTATIONS = YES;
				CLANG_WARN_DIRECT_OBJC_ISA_USAGE = YES_ERROR;
				CLANG_WARN_DOCUMENTATION_COMMENTS = YES;
				CLANG_WARN_EMPTY_BODY = YES;
				CLANG_WARN_ENUM_CONVERSION = YES;
				CLANG_WARN_INFINITE_RECURSION = YES;
				CLANG_WARN_INT_CONVERSION = YES;
				CLANG_WARN_NON_LITERAL_NULL_CONVERSION = YES;
				CLANG_WARN_OBJC_IMPLICIT_RETAIN_SELF = YES;
				CLANG_WARN_OBJC_LITERAL_CONVERSION = YES;
				CLANG_WARN_OBJC_ROOT_CLASS = YES_ERROR;
				CLANG_WARN_QUOTED_INCLUDE_IN_FRAMEWORK_HEADER = YES;
				CLANG_WARN_RANGE_LOOP_ANALYSIS = YES;
				CLANG_WARN_STRICT_PROTOTYPES = YES;
				CLANG_WARN_SUSPICIOUS_MOVE = YES;
				CLANG_WARN_UNGUARDED_AVAILABILITY = YES_AGGRESSIVE;
				CLANG_WARN_UNREACHABLE_CODE = YES;
				CLANG_WARN__DUPLICATE_METHOD_MATCH = YES;
				COPY_PHASE_STRIP = NO;
				DEBUG_INFORMATION_FORMAT = "dwarf-with-dsym";
				ENABLE_NS_ASSERTIONS = NO;
				ENABLE_STRICT_OBJC_MSGSEND = YES;
				GCC_C_LANGUAGE_STANDARD = gnu11;
				GCC_NO_COMMON_BLOCKS = YES;
				GCC_WARN_64_TO_32_BIT_CONVERSION = YES;
				GCC_WARN_ABOUT_RETURN_TYPE = YES_ERROR;
				GCC_WARN_UNDECLARED_SELECTOR = YES;
				GCC_WARN_UNINITIALIZED_AUTOS = YES_AGGRESSIVE;
				GCC_WARN_UNUSED_FUNCTION = YES;
				GCC_WARN_UNUSED_VARIABLE = YES;
				IPHONEOS_DEPLOYMENT_TARGET = 14.3;
				MTL_ENABLE_DEBUG_INFO = NO;
				MTL_FAST_MATH = YES;
				SDKROOT = iphoneos;
				SWIFT_COMPILATION_MODE = wholemodule;
				SWIFT_OPTIMIZATION_LEVEL = "-O";
				VALIDATE_PRODUCT = YES;
			};
			name = Release;
		};
		1701AD9025AFC94B00A6709E /* Debug */ = {
			isa = XCBuildConfiguration;
			buildSettings = {
				ASSETCATALOG_COMPILER_APPICON_NAME = AppIcon;
				ASSETCATALOG_COMPILER_GLOBAL_ACCENT_COLOR_NAME = AccentColor;
				CODE_SIGN_STYLE = Automatic;
				DEVELOPMENT_ASSET_PATHS = "\"Scrumdinger/Preview Content\"";
				ENABLE_PREVIEWS = YES;
				INFOPLIST_FILE = Scrumdinger/Info.plist;
				IPHONEOS_DEPLOYMENT_TARGET = 14.0;
				LD_RUNPATH_SEARCH_PATHS = (
					"$(inherited)",
					"@executable_path/Frameworks",
				);
				PRODUCT_BUNDLE_IDENTIFIER = com.suensky.Scrumdinger;
				PRODUCT_NAME = "$(TARGET_NAME)";
				SWIFT_VERSION = 5.0;
				TARGETED_DEVICE_FAMILY = "1,2";
			};
			name = Debug;
		};
		1701AD9125AFC94B00A6709E /* Release */ = {
			isa = XCBuildConfiguration;
			buildSettings = {
				ASSETCATALOG_COMPILER_APPICON_NAME = AppIcon;
				ASSETCATALOG_COMPILER_GLOBAL_ACCENT_COLOR_NAME = AccentColor;
				CODE_SIGN_STYLE = Automatic;
				DEVELOPMENT_ASSET_PATHS = "\"Scrumdinger/Preview Content\"";
				ENABLE_PREVIEWS = YES;
				INFOPLIST_FILE = Scrumdinger/Info.plist;
				IPHONEOS_DEPLOYMENT_TARGET = 14.0;
				LD_RUNPATH_SEARCH_PATHS = (
					"$(inherited)",
					"@executable_path/Frameworks",
				);
				PRODUCT_BUNDLE_IDENTIFIER = com.suensky.Scrumdinger;
				PRODUCT_NAME = "$(TARGET_NAME)";
				SWIFT_VERSION = 5.0;
				TARGETED_DEVICE_FAMILY = "1,2";
			};
			name = Release;
		};
		1701AD9325AFC94B00A6709E /* Debug */ = {
			isa = XCBuildConfiguration;
			buildSettings = {
				ALWAYS_EMBED_SWIFT_STANDARD_LIBRARIES = YES;
				BUNDLE_LOADER = "$(TEST_HOST)";
				CODE_SIGN_STYLE = Automatic;
				INFOPLIST_FILE = ScrumdingerTests/Info.plist;
				IPHONEOS_DEPLOYMENT_TARGET = 14.0;
				LD_RUNPATH_SEARCH_PATHS = (
					"$(inherited)",
					"@executable_path/Frameworks",
					"@loader_path/Frameworks",
				);
				PRODUCT_BUNDLE_IDENTIFIER = com.suensky.ScrumdingerTests;
				PRODUCT_NAME = "$(TARGET_NAME)";
				SWIFT_VERSION = 5.0;
				TARGETED_DEVICE_FAMILY = "1,2";
				TEST_HOST = "$(BUILT_PRODUCTS_DIR)/Scrumdinger.app/Scrumdinger";
			};
			name = Debug;
		};
		1701AD9425AFC94B00A6709E /* Release */ = {
			isa = XCBuildConfiguration;
			buildSettings = {
				ALWAYS_EMBED_SWIFT_STANDARD_LIBRARIES = YES;
				BUNDLE_LOADER = "$(TEST_HOST)";
				CODE_SIGN_STYLE = Automatic;
				INFOPLIST_FILE = ScrumdingerTests/Info.plist;
				IPHONEOS_DEPLOYMENT_TARGET = 14.0;
				LD_RUNPATH_SEARCH_PATHS = (
					"$(inherited)",
					"@executable_path/Frameworks",
					"@loader_path/Frameworks",
				);
				PRODUCT_BUNDLE_IDENTIFIER = com.suensky.ScrumdingerTests;
				PRODUCT_NAME = "$(TARGET_NAME)";
				SWIFT_VERSION = 5.0;
				TARGETED_DEVICE_FAMILY = "1,2";
				TEST_HOST = "$(BUILT_PRODUCTS_DIR)/Scrumdinger.app/Scrumdinger";
			};
			name = Release;
		};
		1701AD9625AFC94B00A6709E /* Debug */ = {
			isa = XCBuildConfiguration;
			buildSettings = {
				ALWAYS_EMBED_SWIFT_STANDARD_LIBRARIES = YES;
				CODE_SIGN_STYLE = Automatic;
				INFOPLIST_FILE = ScrumdingerUITests/Info.plist;
				LD_RUNPATH_SEARCH_PATHS = (
					"$(inherited)",
					"@executable_path/Frameworks",
					"@loader_path/Frameworks",
				);
				PRODUCT_BUNDLE_IDENTIFIER = com.suensky.ScrumdingerUITests;
				PRODUCT_NAME = "$(TARGET_NAME)";
				SWIFT_VERSION = 5.0;
				TARGETED_DEVICE_FAMILY = "1,2";
				TEST_TARGET_NAME = Scrumdinger;
			};
			name = Debug;
		};
		1701AD9725AFC94B00A6709E /* Release */ = {
			isa = XCBuildConfiguration;
			buildSettings = {
				ALWAYS_EMBED_SWIFT_STANDARD_LIBRARIES = YES;
				CODE_SIGN_STYLE = Automatic;
				INFOPLIST_FILE = ScrumdingerUITests/Info.plist;
				LD_RUNPATH_SEARCH_PATHS = (
					"$(inherited)",
					"@executable_path/Frameworks",
					"@loader_path/Frameworks",
				);
				PRODUCT_BUNDLE_IDENTIFIER = com.suensky.ScrumdingerUITests;
				PRODUCT_NAME = "$(TARGET_NAME)";
				SWIFT_VERSION = 5.0;
				TARGETED_DEVICE_FAMILY = "1,2";
				TEST_TARGET_NAME = Scrumdinger;
			};
			name = Release;
		};
/* End XCBuildConfiguration section */

/* Begin XCConfigurationList section */
		1701AD6525AFC94B00A6709E /* Build configuration list for PBXProject "Scrumdinger" */ = {
			isa = XCConfigurationList;
			buildConfigurations = (
				1701AD8D25AFC94B00A6709E /* Debug */,
				1701AD8E25AFC94B00A6709E /* Release */,
			);
			defaultConfigurationIsVisible = 0;
			defaultConfigurationName = Release;
		};
		1701AD8F25AFC94B00A6709E /* Build configuration list for PBXNativeTarget "Scrumdinger" */ = {
			isa = XCConfigurationList;
			buildConfigurations = (
				1701AD9025AFC94B00A6709E /* Debug */,
				1701AD9125AFC94B00A6709E /* Release */,
			);
			defaultConfigurationIsVisible = 0;
			defaultConfigurationName = Release;
		};
		1701AD9225AFC94B00A6709E /* Build configuration list for PBXNativeTarget "ScrumdingerTests" */ = {
			isa = XCConfigurationList;
			buildConfigurations = (
				1701AD9325AFC94B00A6709E /* Debug */,
				1701AD9425AFC94B00A6709E /* Release */,
			);
			defaultConfigurationIsVisible = 0;
			defaultConfigurationName = Release;
		};
		1701AD9525AFC94B00A6709E /* Build configuration list for PBXNativeTarget "ScrumdingerUITests" */ = {
			isa = XCConfigurationList;
			buildConfigurations = (
				1701AD9625AFC94B00A6709E /* Debug */,
				1701AD9725AFC94B00A6709E /* Release */,
			);
			defaultConfigurationIsVisible = 0;
			defaultConfigurationName = Release;
		};
/* End XCConfigurationList section */
	};
	rootObject = 1701AD6225AFC94B00A6709E /* Project object */;
}
